
Microsoft Visual Studio Solution File, Format Version 12.00
# Visual Studio Version 17
VisualStudioVersion = 17.4.33213.308
MinimumVisualStudioVersion = 10.0.40219.1
Project("{FAE04EC0-301F-11D3-BF4B-00C04F79EFBC}") = "CityInfo", "CityInfo\CityInfo.csproj", "{D77B08E6-07F6-4752-965C-05A284069005}"
EndProject
Global
	GlobalSection(SolutionConfigurationPlatforms) = preSolution
		Debug|Any CPU = Debug|Any CPU
		Release|Any CPU = Release|Any CPU
	EndGlobalSection
	GlobalSection(ProjectConfigurationPlatforms) = postSolution
		{D77B08E6-07F6-4752-965C-05A284069005}.Debug|Any CPU.ActiveCfg = Debug|Any CPU
		{D77B08E6-07F6-4752-965C-05A284069005}.Debug|Any CPU.Build.0 = Debug|Any CPU
		{D77B08E6-07F6-4752-965C-05A284069005}.Release|Any CPU.ActiveCfg = Release|Any CPU
		{D77B08E6-07F6-4752-965C-05A284069005}.Release|Any CPU.Build.0 = Release|Any CPU
	EndGlobalSection
	GlobalSection(SolutionProperties) = preSolution
		HideSolutionNode = FALSE
	EndGlobalSection
	GlobalSection(ExtensibilityGlobals) = postSolution
		SolutionGuid = {7FE17912-163F-487C-B30D-03150DE40AD5}
	EndGlobalSection
EndGlobal
